
Microsoft Visual Studio Solution File, Format Version 12.00
# Visual Studio 14
VisualStudioVersion = 14.0.25420.1
MinimumVisualStudioVersion = 10.0.40219.1
Project("{FAE04EC0-301F-11D3-BF4B-00C04F79EFBC}") = "POGOLib.Tests", "POGOLib.Tests\POGOLib.Tests.csproj", "{A2D0C4E3-EAF1-4739-8E13-C82B421A096F}"
EndProject
Project("{FAE04EC0-301F-11D3-BF4B-00C04F79EFBC}") = "POGOLib", "POGOLib\POGOLib.csproj", "{AE7C8436-EAB8-407C-83CF-D9EA62F1C781}"
EndProject
Project("{FAE04EC0-301F-11D3-BF4B-00C04F79EFBC}") = "GPSOAuthSharp", "submodules\GPSOAuthSharp\GPSOAuthSharp\GPSOAuthSharp.csproj", "{56B7F94A-C12E-4476-8E83-F972C946C056}"
EndProject
Project("{FAE04EC0-301F-11D3-BF4B-00C04F79EFBC}") = "PokemonGoEncryptSharp", "submodules\pokemongo-encrypt-sharp\PokemonGoEncryptSharp\PokemonGoEncryptSharp\PokemonGoEncryptSharp.csproj", "{902B446C-0FED-4D82-A467-D9D8D454C110}"
EndProject
Project("{FAE04EC0-301F-11D3-BF4B-00C04F79EFBC}") = "S2Geometry", "submodules\s2-geometry-library-csharp\S2Geometry\S2Geometry.csproj", "{5E82F402-F876-4A29-B59E-1BA21591A44A}"
EndProject
Project("{2150E333-8FDC-42A3-9474-1A3956D46DE8}") = "Submodules", "Submodules", "{729360F1-255F-4E75-BA0D-656B99E98772}"
EndProject
Project("{FAE04EC0-301F-11D3-BF4B-00C04F79EFBC}") = "GPSOAuthDemo", "submodules\GPSOAuthSharp\GPSOAuthDemo\GPSOAuthDemo\GPSOAuthDemo.csproj", "{D19302EC-BA0F-4E52-BE2A-628A8197ECFD}"
EndProject
Project("{2150E333-8FDC-42A3-9474-1A3956D46DE8}") = "Demos", "Demos", "{BC26EF34-FB12-4320-B77E-02DD4872316D}"
EndProject
Project("{2150E333-8FDC-42A3-9474-1A3956D46DE8}") = "HelperLibs", "HelperLibs", "{960AB8F1-BF4E-4AC1-8497-1C21755020F8}"
EndProject
Project("{FAE04EC0-301F-11D3-BF4B-00C04F79EFBC}") = "AndroidDemo", "Demos\AndroidDemo\AndroidDemo.csproj", "{1628A80E-5229-4493-8DED-CF9F64A660E3}"
EndProject
Project("{FAE04EC0-301F-11D3-BF4B-00C04F79EFBC}") = "ConsoleDemo", "Demos\ConsoleDemo\ConsoleDemo.csproj", "{02E1D218-DD9D-4BA2-91F9-0F1D7A59B3CF}"
EndProject
Project("{FAE04EC0-301F-11D3-BF4B-00C04F79EFBC}") = "iOSDemo", "Demos\iOSDemo\iOSDemo.csproj", "{C4079C12-8229-4FD0-84D5-65CCEC22660C}"
EndProject
Project("{FAE04EC0-301F-11D3-BF4B-00C04F79EFBC}") = "FileDataCacheLib", "HelperLibs\FileDataCacheLib\FileDataCacheLib.csproj", "{FC46DABC-7D85-4EB8-9DA5-F41A4B1F90CD}"
EndProject
Project("{FAE04EC0-301F-11D3-BF4B-00C04F79EFBC}") = "GoogleLoginProviderLib", "HelperLibs\GoogleLoginProviderLib\GoogleLoginProviderLib.csproj", "{4166B3B1-8B04-4C44-BE48-9C962DB51409}"
EndProject
Global
	GlobalSection(SolutionConfigurationPlatforms) = preSolution
		Ad-Hoc|Any CPU = Ad-Hoc|Any CPU
		Ad-Hoc|iPhone = Ad-Hoc|iPhone
		Ad-Hoc|iPhoneSimulator = Ad-Hoc|iPhoneSimulator
		Ad-Hoc|x64 = Ad-Hoc|x64
		Ad-Hoc|x86 = Ad-Hoc|x86
		AppStore|Any CPU = AppStore|Any CPU
		AppStore|iPhone = AppStore|iPhone
		AppStore|iPhoneSimulator = AppStore|iPhoneSimulator
		AppStore|x64 = AppStore|x64
		AppStore|x86 = AppStore|x86
		Debug|Any CPU = Debug|Any CPU
		Debug|iPhone = Debug|iPhone
		Debug|iPhoneSimulator = Debug|iPhoneSimulator
		Debug|x64 = Debug|x64
		Debug|x86 = Debug|x86
		Release|Any CPU = Release|Any CPU
		Release|iPhone = Release|iPhone
		Release|iPhoneSimulator = Release|iPhoneSimulator
		Release|x64 = Release|x64
		Release|x86 = Release|x86
	EndGlobalSection
	GlobalSection(ProjectConfigurationPlatforms) = postSolution
		{A2D0C4E3-EAF1-4739-8E13-C82B421A096F}.Ad-Hoc|Any CPU.ActiveCfg = Release|Any CPU
		{A2D0C4E3-EAF1-4739-8E13-C82B421A096F}.Ad-Hoc|Any CPU.Build.0 = Release|Any CPU
		{A2D0C4E3-EAF1-4739-8E13-C82B421A096F}.Ad-Hoc|iPhone.ActiveCfg = Release|Any CPU
		{A2D0C4E3-EAF1-4739-8E13-C82B421A096F}.Ad-Hoc|iPhone.Build.0 = Release|Any CPU
		{A2D0C4E3-EAF1-4739-8E13-C82B421A096F}.Ad-Hoc|iPhoneSimulator.ActiveCfg = Release|Any CPU
		{A2D0C4E3-EAF1-4739-8E13-C82B421A096F}.Ad-Hoc|iPhoneSimulator.Build.0 = Release|Any CPU
		{A2D0C4E3-EAF1-4739-8E13-C82B421A096F}.Ad-Hoc|x64.ActiveCfg = Release|Any CPU
		{A2D0C4E3-EAF1-4739-8E13-C82B421A096F}.Ad-Hoc|x64.Build.0 = Release|Any CPU
		{A2D0C4E3-EAF1-4739-8E13-C82B421A096F}.Ad-Hoc|x86.ActiveCfg = Release|Any CPU
		{A2D0C4E3-EAF1-4739-8E13-C82B421A096F}.Ad-Hoc|x86.Build.0 = Release|Any CPU
		{A2D0C4E3-EAF1-4739-8E13-C82B421A096F}.AppStore|Any CPU.ActiveCfg = Release|Any CPU
		{A2D0C4E3-EAF1-4739-8E13-C82B421A096F}.AppStore|Any CPU.Build.0 = Release|Any CPU
		{A2D0C4E3-EAF1-4739-8E13-C82B421A096F}.AppStore|iPhone.ActiveCfg = Release|Any CPU
		{A2D0C4E3-EAF1-4739-8E13-C82B421A096F}.AppStore|iPhone.Build.0 = Release|Any CPU
		{A2D0C4E3-EAF1-4739-8E13-C82B421A096F}.AppStore|iPhoneSimulator.ActiveCfg = Release|Any CPU
		{A2D0C4E3-EAF1-4739-8E13-C82B421A096F}.AppStore|iPhoneSimulator.Build.0 = Release|Any CPU
		{A2D0C4E3-EAF1-4739-8E13-C82B421A096F}.AppStore|x64.ActiveCfg = Release|Any CPU
		{A2D0C4E3-EAF1-4739-8E13-C82B421A096F}.AppStore|x64.Build.0 = Release|Any CPU
		{A2D0C4E3-EAF1-4739-8E13-C82B421A096F}.AppStore|x86.ActiveCfg = Release|Any CPU
		{A2D0C4E3-EAF1-4739-8E13-C82B421A096F}.AppStore|x86.Build.0 = Release|Any CPU
		{A2D0C4E3-EAF1-4739-8E13-C82B421A096F}.Debug|Any CPU.ActiveCfg = Debug|Any CPU
		{A2D0C4E3-EAF1-4739-8E13-C82B421A096F}.Debug|Any CPU.Build.0 = Debug|Any CPU
		{A2D0C4E3-EAF1-4739-8E13-C82B421A096F}.Debug|iPhone.ActiveCfg = Debug|Any CPU
		{A2D0C4E3-EAF1-4739-8E13-C82B421A096F}.Debug|iPhone.Build.0 = Debug|Any CPU
		{A2D0C4E3-EAF1-4739-8E13-C82B421A096F}.Debug|iPhoneSimulator.ActiveCfg = Debug|Any CPU
		{A2D0C4E3-EAF1-4739-8E13-C82B421A096F}.Debug|iPhoneSimulator.Build.0 = Debug|Any CPU
		{A2D0C4E3-EAF1-4739-8E13-C82B421A096F}.Debug|x64.ActiveCfg = Debug|Any CPU
		{A2D0C4E3-EAF1-4739-8E13-C82B421A096F}.Debug|x64.Build.0 = Debug|Any CPU
		{A2D0C4E3-EAF1-4739-8E13-C82B421A096F}.Debug|x86.ActiveCfg = Debug|Any CPU
		{A2D0C4E3-EAF1-4739-8E13-C82B421A096F}.Debug|x86.Build.0 = Debug|Any CPU
		{A2D0C4E3-EAF1-4739-8E13-C82B421A096F}.Release|Any CPU.ActiveCfg = Release|Any CPU
		{A2D0C4E3-EAF1-4739-8E13-C82B421A096F}.Release|Any CPU.Build.0 = Release|Any CPU
		{A2D0C4E3-EAF1-4739-8E13-C82B421A096F}.Release|iPhone.ActiveCfg = Release|Any CPU
		{A2D0C4E3-EAF1-4739-8E13-C82B421A096F}.Release|iPhone.Build.0 = Release|Any CPU
		{A2D0C4E3-EAF1-4739-8E13-C82B421A096F}.Release|iPhoneSimulator.ActiveCfg = Release|Any CPU
		{A2D0C4E3-EAF1-4739-8E13-C82B421A096F}.Release|iPhoneSimulator.Build.0 = Release|Any CPU
		{A2D0C4E3-EAF1-4739-8E13-C82B421A096F}.Release|x64.ActiveCfg = Release|Any CPU
		{A2D0C4E3-EAF1-4739-8E13-C82B421A096F}.Release|x64.Build.0 = Release|Any CPU
		{A2D0C4E3-EAF1-4739-8E13-C82B421A096F}.Release|x86.ActiveCfg = Release|Any CPU
		{A2D0C4E3-EAF1-4739-8E13-C82B421A096F}.Release|x86.Build.0 = Release|Any CPU
		{AE7C8436-EAB8-407C-83CF-D9EA62F1C781}.Ad-Hoc|Any CPU.ActiveCfg = Release|Any CPU
		{AE7C8436-EAB8-407C-83CF-D9EA62F1C781}.Ad-Hoc|Any CPU.Build.0 = Release|Any CPU
		{AE7C8436-EAB8-407C-83CF-D9EA62F1C781}.Ad-Hoc|iPhone.ActiveCfg = Release|Any CPU
		{AE7C8436-EAB8-407C-83CF-D9EA62F1C781}.Ad-Hoc|iPhone.Build.0 = Release|Any CPU
		{AE7C8436-EAB8-407C-83CF-D9EA62F1C781}.Ad-Hoc|iPhoneSimulator.ActiveCfg = Release|Any CPU
		{AE7C8436-EAB8-407C-83CF-D9EA62F1C781}.Ad-Hoc|iPhoneSimulator.Build.0 = Release|Any CPU
		{AE7C8436-EAB8-407C-83CF-D9EA62F1C781}.Ad-Hoc|x64.ActiveCfg = Release|Any CPU
		{AE7C8436-EAB8-407C-83CF-D9EA62F1C781}.Ad-Hoc|x64.Build.0 = Release|Any CPU
		{AE7C8436-EAB8-407C-83CF-D9EA62F1C781}.Ad-Hoc|x86.ActiveCfg = Release|Any CPU
		{AE7C8436-EAB8-407C-83CF-D9EA62F1C781}.Ad-Hoc|x86.Build.0 = Release|Any CPU
		{AE7C8436-EAB8-407C-83CF-D9EA62F1C781}.AppStore|Any CPU.ActiveCfg = Release|Any CPU
		{AE7C8436-EAB8-407C-83CF-D9EA62F1C781}.AppStore|Any CPU.Build.0 = Release|Any CPU
		{AE7C8436-EAB8-407C-83CF-D9EA62F1C781}.AppStore|iPhone.ActiveCfg = Release|Any CPU
		{AE7C8436-EAB8-407C-83CF-D9EA62F1C781}.AppStore|iPhone.Build.0 = Release|Any CPU
		{AE7C8436-EAB8-407C-83CF-D9EA62F1C781}.AppStore|iPhoneSimulator.ActiveCfg = Release|Any CPU
		{AE7C8436-EAB8-407C-83CF-D9EA62F1C781}.AppStore|iPhoneSimulator.Build.0 = Release|Any CPU
		{AE7C8436-EAB8-407C-83CF-D9EA62F1C781}.AppStore|x64.ActiveCfg = Release|Any CPU
		{AE7C8436-EAB8-407C-83CF-D9EA62F1C781}.AppStore|x64.Build.0 = Release|Any CPU
		{AE7C8436-EAB8-407C-83CF-D9EA62F1C781}.AppStore|x86.ActiveCfg = Release|Any CPU
		{AE7C8436-EAB8-407C-83CF-D9EA62F1C781}.AppStore|x86.Build.0 = Release|Any CPU
		{AE7C8436-EAB8-407C-83CF-D9EA62F1C781}.Debug|Any CPU.ActiveCfg = Debug|Any CPU
		{AE7C8436-EAB8-407C-83CF-D9EA62F1C781}.Debug|Any CPU.Build.0 = Debug|Any CPU
		{AE7C8436-EAB8-407C-83CF-D9EA62F1C781}.Debug|iPhone.ActiveCfg = Debug|Any CPU
		{AE7C8436-EAB8-407C-83CF-D9EA62F1C781}.Debug|iPhone.Build.0 = Debug|Any CPU
		{AE7C8436-EAB8-407C-83CF-D9EA62F1C781}.Debug|iPhoneSimulator.ActiveCfg = Debug|Any CPU
		{AE7C8436-EAB8-407C-83CF-D9EA62F1C781}.Debug|iPhoneSimulator.Build.0 = Debug|Any CPU
		{AE7C8436-EAB8-407C-83CF-D9EA62F1C781}.Debug|x64.ActiveCfg = Debug|Any CPU
		{AE7C8436-EAB8-407C-83CF-D9EA62F1C781}.Debug|x64.Build.0 = Debug|Any CPU
		{AE7C8436-EAB8-407C-83CF-D9EA62F1C781}.Debug|x86.ActiveCfg = Debug|Any CPU
		{AE7C8436-EAB8-407C-83CF-D9EA62F1C781}.Debug|x86.Build.0 = Debug|Any CPU
		{AE7C8436-EAB8-407C-83CF-D9EA62F1C781}.Release|Any CPU.ActiveCfg = Release|Any CPU
		{AE7C8436-EAB8-407C-83CF-D9EA62F1C781}.Release|Any CPU.Build.0 = Release|Any CPU
		{AE7C8436-EAB8-407C-83CF-D9EA62F1C781}.Release|iPhone.ActiveCfg = Release|Any CPU
		{AE7C8436-EAB8-407C-83CF-D9EA62F1C781}.Release|iPhone.Build.0 = Release|Any CPU
		{AE7C8436-EAB8-407C-83CF-D9EA62F1C781}.Release|iPhoneSimulator.ActiveCfg = Release|Any CPU
		{AE7C8436-EAB8-407C-83CF-D9EA62F1C781}.Release|iPhoneSimulator.Build.0 = Release|Any CPU
		{AE7C8436-EAB8-407C-83CF-D9EA62F1C781}.Release|x64.ActiveCfg = Release|Any CPU
		{AE7C8436-EAB8-407C-83CF-D9EA62F1C781}.Release|x64.Build.0 = Release|Any CPU
		{AE7C8436-EAB8-407C-83CF-D9EA62F1C781}.Release|x86.ActiveCfg = Release|Any CPU
		{AE7C8436-EAB8-407C-83CF-D9EA62F1C781}.Release|x86.Build.0 = Release|Any CPU
		{56B7F94A-C12E-4476-8E83-F972C946C056}.Ad-Hoc|Any CPU.ActiveCfg = Release|Any CPU
		{56B7F94A-C12E-4476-8E83-F972C946C056}.Ad-Hoc|Any CPU.Build.0 = Release|Any CPU
		{56B7F94A-C12E-4476-8E83-F972C946C056}.Ad-Hoc|iPhone.ActiveCfg = Release|Any CPU
		{56B7F94A-C12E-4476-8E83-F972C946C056}.Ad-Hoc|iPhone.Build.0 = Release|Any CPU
		{56B7F94A-C12E-4476-8E83-F972C946C056}.Ad-Hoc|iPhoneSimulator.ActiveCfg = Release|Any CPU
		{56B7F94A-C12E-4476-8E83-F972C946C056}.Ad-Hoc|iPhoneSimulator.Build.0 = Release|Any CPU
		{56B7F94A-C12E-4476-8E83-F972C946C056}.Ad-Hoc|x64.ActiveCfg = Release|Any CPU
		{56B7F94A-C12E-4476-8E83-F972C946C056}.Ad-Hoc|x64.Build.0 = Release|Any CPU
		{56B7F94A-C12E-4476-8E83-F972C946C056}.Ad-Hoc|x86.ActiveCfg = Release|Any CPU
		{56B7F94A-C12E-4476-8E83-F972C946C056}.Ad-Hoc|x86.Build.0 = Release|Any CPU
		{56B7F94A-C12E-4476-8E83-F972C946C056}.AppStore|Any CPU.ActiveCfg = Release|Any CPU
		{56B7F94A-C12E-4476-8E83-F972C946C056}.AppStore|Any CPU.Build.0 = Release|Any CPU
		{56B7F94A-C12E-4476-8E83-F972C946C056}.AppStore|iPhone.ActiveCfg = Release|Any CPU
		{56B7F94A-C12E-4476-8E83-F972C946C056}.AppStore|iPhone.Build.0 = Release|Any CPU
		{56B7F94A-C12E-4476-8E83-F972C946C056}.AppStore|iPhoneSimulator.ActiveCfg = Release|Any CPU
		{56B7F94A-C12E-4476-8E83-F972C946C056}.AppStore|iPhoneSimulator.Build.0 = Release|Any CPU
		{56B7F94A-C12E-4476-8E83-F972C946C056}.AppStore|x64.ActiveCfg = Release|Any CPU
		{56B7F94A-C12E-4476-8E83-F972C946C056}.AppStore|x64.Build.0 = Release|Any CPU
		{56B7F94A-C12E-4476-8E83-F972C946C056}.AppStore|x86.ActiveCfg = Release|Any CPU
		{56B7F94A-C12E-4476-8E83-F972C946C056}.AppStore|x86.Build.0 = Release|Any CPU
		{56B7F94A-C12E-4476-8E83-F972C946C056}.Debug|Any CPU.ActiveCfg = Debug|Any CPU
		{56B7F94A-C12E-4476-8E83-F972C946C056}.Debug|Any CPU.Build.0 = Debug|Any CPU
		{56B7F94A-C12E-4476-8E83-F972C946C056}.Debug|iPhone.ActiveCfg = Debug|Any CPU
		{56B7F94A-C12E-4476-8E83-F972C946C056}.Debug|iPhone.Build.0 = Debug|Any CPU
		{56B7F94A-C12E-4476-8E83-F972C946C056}.Debug|iPhoneSimulator.ActiveCfg = Debug|Any CPU
		{56B7F94A-C12E-4476-8E83-F972C946C056}.Debug|iPhoneSimulator.Build.0 = Debug|Any CPU
		{56B7F94A-C12E-4476-8E83-F972C946C056}.Debug|x64.ActiveCfg = Debug|Any CPU
		{56B7F94A-C12E-4476-8E83-F972C946C056}.Debug|x64.Build.0 = Debug|Any CPU
		{56B7F94A-C12E-4476-8E83-F972C946C056}.Debug|x86.ActiveCfg = Debug|Any CPU
		{56B7F94A-C12E-4476-8E83-F972C946C056}.Debug|x86.Build.0 = Debug|Any CPU
		{56B7F94A-C12E-4476-8E83-F972C946C056}.Release|Any CPU.ActiveCfg = Release|Any CPU
		{56B7F94A-C12E-4476-8E83-F972C946C056}.Release|Any CPU.Build.0 = Release|Any CPU
		{56B7F94A-C12E-4476-8E83-F972C946C056}.Release|iPhone.ActiveCfg = Release|Any CPU
		{56B7F94A-C12E-4476-8E83-F972C946C056}.Release|iPhone.Build.0 = Release|Any CPU
		{56B7F94A-C12E-4476-8E83-F972C946C056}.Release|iPhoneSimulator.ActiveCfg = Release|Any CPU
		{56B7F94A-C12E-4476-8E83-F972C946C056}.Release|iPhoneSimulator.Build.0 = Release|Any CPU
		{56B7F94A-C12E-4476-8E83-F972C946C056}.Release|x64.ActiveCfg = Release|Any CPU
		{56B7F94A-C12E-4476-8E83-F972C946C056}.Release|x64.Build.0 = Release|Any CPU
		{56B7F94A-C12E-4476-8E83-F972C946C056}.Release|x86.ActiveCfg = Release|Any CPU
		{56B7F94A-C12E-4476-8E83-F972C946C056}.Release|x86.Build.0 = Release|Any CPU
		{902B446C-0FED-4D82-A467-D9D8D454C110}.Ad-Hoc|Any CPU.ActiveCfg = Release|Any CPU
		{902B446C-0FED-4D82-A467-D9D8D454C110}.Ad-Hoc|Any CPU.Build.0 = Release|Any CPU
		{902B446C-0FED-4D82-A467-D9D8D454C110}.Ad-Hoc|iPhone.ActiveCfg = Release|Any CPU
		{902B446C-0FED-4D82-A467-D9D8D454C110}.Ad-Hoc|iPhone.Build.0 = Release|Any CPU
		{902B446C-0FED-4D82-A467-D9D8D454C110}.Ad-Hoc|iPhoneSimulator.ActiveCfg = Release|Any CPU
		{902B446C-0FED-4D82-A467-D9D8D454C110}.Ad-Hoc|iPhoneSimulator.Build.0 = Release|Any CPU
		{902B446C-0FED-4D82-A467-D9D8D454C110}.Ad-Hoc|x64.ActiveCfg = Release|x64
		{902B446C-0FED-4D82-A467-D9D8D454C110}.Ad-Hoc|x64.Build.0 = Release|x64
		{902B446C-0FED-4D82-A467-D9D8D454C110}.Ad-Hoc|x86.ActiveCfg = Release|x86
		{902B446C-0FED-4D82-A467-D9D8D454C110}.Ad-Hoc|x86.Build.0 = Release|x86
		{902B446C-0FED-4D82-A467-D9D8D454C110}.AppStore|Any CPU.ActiveCfg = Release|Any CPU
		{902B446C-0FED-4D82-A467-D9D8D454C110}.AppStore|Any CPU.Build.0 = Release|Any CPU
		{902B446C-0FED-4D82-A467-D9D8D454C110}.AppStore|iPhone.ActiveCfg = Release|Any CPU
		{902B446C-0FED-4D82-A467-D9D8D454C110}.AppStore|iPhone.Build.0 = Release|Any CPU
		{902B446C-0FED-4D82-A467-D9D8D454C110}.AppStore|iPhoneSimulator.ActiveCfg = Release|Any CPU
		{902B446C-0FED-4D82-A467-D9D8D454C110}.AppStore|iPhoneSimulator.Build.0 = Release|Any CPU
		{902B446C-0FED-4D82-A467-D9D8D454C110}.AppStore|x64.ActiveCfg = Release|x64
		{902B446C-0FED-4D82-A467-D9D8D454C110}.AppStore|x64.Build.0 = Release|x64
		{902B446C-0FED-4D82-A467-D9D8D454C110}.AppStore|x86.ActiveCfg = Release|x86
		{902B446C-0FED-4D82-A467-D9D8D454C110}.AppStore|x86.Build.0 = Release|x86
		{902B446C-0FED-4D82-A467-D9D8D454C110}.Debug|Any CPU.ActiveCfg = Debug|Any CPU
		{902B446C-0FED-4D82-A467-D9D8D454C110}.Debug|Any CPU.Build.0 = Debug|Any CPU
		{902B446C-0FED-4D82-A467-D9D8D454C110}.Debug|iPhone.ActiveCfg = Debug|Any CPU
		{902B446C-0FED-4D82-A467-D9D8D454C110}.Debug|iPhone.Build.0 = Debug|Any CPU
		{902B446C-0FED-4D82-A467-D9D8D454C110}.Debug|iPhoneSimulator.ActiveCfg = Debug|Any CPU
		{902B446C-0FED-4D82-A467-D9D8D454C110}.Debug|iPhoneSimulator.Build.0 = Debug|Any CPU
		{902B446C-0FED-4D82-A467-D9D8D454C110}.Debug|x64.ActiveCfg = Debug|x64
		{902B446C-0FED-4D82-A467-D9D8D454C110}.Debug|x64.Build.0 = Debug|x64
		{902B446C-0FED-4D82-A467-D9D8D454C110}.Debug|x86.ActiveCfg = Debug|x86
		{902B446C-0FED-4D82-A467-D9D8D454C110}.Debug|x86.Build.0 = Debug|x86
		{902B446C-0FED-4D82-A467-D9D8D454C110}.Release|Any CPU.ActiveCfg = Release|Any CPU
		{902B446C-0FED-4D82-A467-D9D8D454C110}.Release|Any CPU.Build.0 = Release|Any CPU
		{902B446C-0FED-4D82-A467-D9D8D454C110}.Release|iPhone.ActiveCfg = Release|Any CPU
		{902B446C-0FED-4D82-A467-D9D8D454C110}.Release|iPhone.Build.0 = Release|Any CPU
		{902B446C-0FED-4D82-A467-D9D8D454C110}.Release|iPhoneSimulator.ActiveCfg = Release|Any CPU
		{902B446C-0FED-4D82-A467-D9D8D454C110}.Release|iPhoneSimulator.Build.0 = Release|Any CPU
		{902B446C-0FED-4D82-A467-D9D8D454C110}.Release|x64.ActiveCfg = Release|x64
		{902B446C-0FED-4D82-A467-D9D8D454C110}.Release|x64.Build.0 = Release|x64
		{902B446C-0FED-4D82-A467-D9D8D454C110}.Release|x86.ActiveCfg = Release|x86
		{902B446C-0FED-4D82-A467-D9D8D454C110}.Release|x86.Build.0 = Release|x86
		{5E82F402-F876-4A29-B59E-1BA21591A44A}.Ad-Hoc|Any CPU.ActiveCfg = Release|Any CPU
		{5E82F402-F876-4A29-B59E-1BA21591A44A}.Ad-Hoc|Any CPU.Build.0 = Release|Any CPU
		{5E82F402-F876-4A29-B59E-1BA21591A44A}.Ad-Hoc|iPhone.ActiveCfg = Release|Any CPU
		{5E82F402-F876-4A29-B59E-1BA21591A44A}.Ad-Hoc|iPhone.Build.0 = Release|Any CPU
		{5E82F402-F876-4A29-B59E-1BA21591A44A}.Ad-Hoc|iPhoneSimulator.ActiveCfg = Release|Any CPU
		{5E82F402-F876-4A29-B59E-1BA21591A44A}.Ad-Hoc|iPhoneSimulator.Build.0 = Release|Any CPU
		{5E82F402-F876-4A29-B59E-1BA21591A44A}.Ad-Hoc|x64.ActiveCfg = Release|Any CPU
		{5E82F402-F876-4A29-B59E-1BA21591A44A}.Ad-Hoc|x64.Build.0 = Release|Any CPU
		{5E82F402-F876-4A29-B59E-1BA21591A44A}.Ad-Hoc|x86.ActiveCfg = Release|Any CPU
		{5E82F402-F876-4A29-B59E-1BA21591A44A}.Ad-Hoc|x86.Build.0 = Release|Any CPU
		{5E82F402-F876-4A29-B59E-1BA21591A44A}.AppStore|Any CPU.ActiveCfg = Release|Any CPU
		{5E82F402-F876-4A29-B59E-1BA21591A44A}.AppStore|Any CPU.Build.0 = Release|Any CPU
		{5E82F402-F876-4A29-B59E-1BA21591A44A}.AppStore|iPhone.ActiveCfg = Release|Any CPU
		{5E82F402-F876-4A29-B59E-1BA21591A44A}.AppStore|iPhone.Build.0 = Release|Any CPU
		{5E82F402-F876-4A29-B59E-1BA21591A44A}.AppStore|iPhoneSimulator.ActiveCfg = Release|Any CPU
		{5E82F402-F876-4A29-B59E-1BA21591A44A}.AppStore|iPhoneSimulator.Build.0 = Release|Any CPU
		{5E82F402-F876-4A29-B59E-1BA21591A44A}.AppStore|x64.ActiveCfg = Release|Any CPU
		{5E82F402-F876-4A29-B59E-1BA21591A44A}.AppStore|x64.Build.0 = Release|Any CPU
		{5E82F402-F876-4A29-B59E-1BA21591A44A}.AppStore|x86.ActiveCfg = Release|Any CPU
		{5E82F402-F876-4A29-B59E-1BA21591A44A}.AppStore|x86.Build.0 = Release|Any CPU
		{5E82F402-F876-4A29-B59E-1BA21591A44A}.Debug|Any CPU.ActiveCfg = Debug|Any CPU
		{5E82F402-F876-4A29-B59E-1BA21591A44A}.Debug|Any CPU.Build.0 = Debug|Any CPU
		{5E82F402-F876-4A29-B59E-1BA21591A44A}.Debug|iPhone.ActiveCfg = Debug|Any CPU
		{5E82F402-F876-4A29-B59E-1BA21591A44A}.Debug|iPhone.Build.0 = Debug|Any CPU
		{5E82F402-F876-4A29-B59E-1BA21591A44A}.Debug|iPhoneSimulator.ActiveCfg = Debug|Any CPU
		{5E82F402-F876-4A29-B59E-1BA21591A44A}.Debug|iPhoneSimulator.Build.0 = Debug|Any CPU
		{5E82F402-F876-4A29-B59E-1BA21591A44A}.Debug|x64.ActiveCfg = Debug|Any CPU
		{5E82F402-F876-4A29-B59E-1BA21591A44A}.Debug|x64.Build.0 = Debug|Any CPU
		{5E82F402-F876-4A29-B59E-1BA21591A44A}.Debug|x86.ActiveCfg = Debug|Any CPU
		{5E82F402-F876-4A29-B59E-1BA21591A44A}.Debug|x86.Build.0 = Debug|Any CPU
		{5E82F402-F876-4A29-B59E-1BA21591A44A}.Release|Any CPU.ActiveCfg = Release|Any CPU
		{5E82F402-F876-4A29-B59E-1BA21591A44A}.Release|Any CPU.Build.0 = Release|Any CPU
		{5E82F402-F876-4A29-B59E-1BA21591A44A}.Release|iPhone.ActiveCfg = Release|Any CPU
		{5E82F402-F876-4A29-B59E-1BA21591A44A}.Release|iPhone.Build.0 = Release|Any CPU
		{5E82F402-F876-4A29-B59E-1BA21591A44A}.Release|iPhoneSimulator.ActiveCfg = Release|Any CPU
		{5E82F402-F876-4A29-B59E-1BA21591A44A}.Release|iPhoneSimulator.Build.0 = Release|Any CPU
		{5E82F402-F876-4A29-B59E-1BA21591A44A}.Release|x64.ActiveCfg = Release|Any CPU
		{5E82F402-F876-4A29-B59E-1BA21591A44A}.Release|x64.Build.0 = Release|Any CPU
		{5E82F402-F876-4A29-B59E-1BA21591A44A}.Release|x86.ActiveCfg = Release|Any CPU
		{5E82F402-F876-4A29-B59E-1BA21591A44A}.Release|x86.Build.0 = Release|Any CPU
		{D19302EC-BA0F-4E52-BE2A-628A8197ECFD}.Ad-Hoc|Any CPU.ActiveCfg = Release|Any CPU
		{D19302EC-BA0F-4E52-BE2A-628A8197ECFD}.Ad-Hoc|Any CPU.Build.0 = Release|Any CPU
		{D19302EC-BA0F-4E52-BE2A-628A8197ECFD}.Ad-Hoc|iPhone.ActiveCfg = Release|Any CPU
		{D19302EC-BA0F-4E52-BE2A-628A8197ECFD}.Ad-Hoc|iPhone.Build.0 = Release|Any CPU
		{D19302EC-BA0F-4E52-BE2A-628A8197ECFD}.Ad-Hoc|iPhoneSimulator.ActiveCfg = Release|Any CPU
		{D19302EC-BA0F-4E52-BE2A-628A8197ECFD}.Ad-Hoc|iPhoneSimulator.Build.0 = Release|Any CPU
		{D19302EC-BA0F-4E52-BE2A-628A8197ECFD}.Ad-Hoc|x64.ActiveCfg = Release|Any CPU
		{D19302EC-BA0F-4E52-BE2A-628A8197ECFD}.Ad-Hoc|x64.Build.0 = Release|Any CPU
		{D19302EC-BA0F-4E52-BE2A-628A8197ECFD}.Ad-Hoc|x86.ActiveCfg = Release|Any CPU
		{D19302EC-BA0F-4E52-BE2A-628A8197ECFD}.Ad-Hoc|x86.Build.0 = Release|Any CPU
		{D19302EC-BA0F-4E52-BE2A-628A8197ECFD}.AppStore|Any CPU.ActiveCfg = Release|Any CPU
		{D19302EC-BA0F-4E52-BE2A-628A8197ECFD}.AppStore|Any CPU.Build.0 = Release|Any CPU
		{D19302EC-BA0F-4E52-BE2A-628A8197ECFD}.AppStore|iPhone.ActiveCfg = Release|Any CPU
		{D19302EC-BA0F-4E52-BE2A-628A8197ECFD}.AppStore|iPhone.Build.0 = Release|Any CPU
		{D19302EC-BA0F-4E52-BE2A-628A8197ECFD}.AppStore|iPhoneSimulator.ActiveCfg = Release|Any CPU
		{D19302EC-BA0F-4E52-BE2A-628A8197ECFD}.AppStore|iPhoneSimulator.Build.0 = Release|Any CPU
		{D19302EC-BA0F-4E52-BE2A-628A8197ECFD}.AppStore|x64.ActiveCfg = Release|Any CPU
		{D19302EC-BA0F-4E52-BE2A-628A8197ECFD}.AppStore|x64.Build.0 = Release|Any CPU
		{D19302EC-BA0F-4E52-BE2A-628A8197ECFD}.AppStore|x86.ActiveCfg = Release|Any CPU
		{D19302EC-BA0F-4E52-BE2A-628A8197ECFD}.AppStore|x86.Build.0 = Release|Any CPU
		{D19302EC-BA0F-4E52-BE2A-628A8197ECFD}.Debug|Any CPU.ActiveCfg = Debug|Any CPU
		{D19302EC-BA0F-4E52-BE2A-628A8197ECFD}.Debug|Any CPU.Build.0 = Debug|Any CPU
		{D19302EC-BA0F-4E52-BE2A-628A8197ECFD}.Debug|iPhone.ActiveCfg = Debug|Any CPU
		{D19302EC-BA0F-4E52-BE2A-628A8197ECFD}.Debug|iPhone.Build.0 = Debug|Any CPU
		{D19302EC-BA0F-4E52-BE2A-628A8197ECFD}.Debug|iPhoneSimulator.ActiveCfg = Debug|Any CPU
		{D19302EC-BA0F-4E52-BE2A-628A8197ECFD}.Debug|iPhoneSimulator.Build.0 = Debug|Any CPU
		{D19302EC-BA0F-4E52-BE2A-628A8197ECFD}.Debug|x64.ActiveCfg = Debug|Any CPU
		{D19302EC-BA0F-4E52-BE2A-628A8197ECFD}.Debug|x64.Build.0 = Debug|Any CPU
		{D19302EC-BA0F-4E52-BE2A-628A8197ECFD}.Debug|x86.ActiveCfg = Debug|Any CPU
		{D19302EC-BA0F-4E52-BE2A-628A8197ECFD}.Debug|x86.Build.0 = Debug|Any CPU
		{D19302EC-BA0F-4E52-BE2A-628A8197ECFD}.Release|Any CPU.ActiveCfg = Release|Any CPU
		{D19302EC-BA0F-4E52-BE2A-628A8197ECFD}.Release|Any CPU.Build.0 = Release|Any CPU
		{D19302EC-BA0F-4E52-BE2A-628A8197ECFD}.Release|iPhone.ActiveCfg = Release|Any CPU
		{D19302EC-BA0F-4E52-BE2A-628A8197ECFD}.Release|iPhone.Build.0 = Release|Any CPU
		{D19302EC-BA0F-4E52-BE2A-628A8197ECFD}.Release|iPhoneSimulator.ActiveCfg = Release|Any CPU
		{D19302EC-BA0F-4E52-BE2A-628A8197ECFD}.Release|iPhoneSimulator.Build.0 = Release|Any CPU
		{D19302EC-BA0F-4E52-BE2A-628A8197ECFD}.Release|x64.ActiveCfg = Release|Any CPU
		{D19302EC-BA0F-4E52-BE2A-628A8197ECFD}.Release|x64.Build.0 = Release|Any CPU
		{D19302EC-BA0F-4E52-BE2A-628A8197ECFD}.Release|x86.ActiveCfg = Release|Any CPU
		{D19302EC-BA0F-4E52-BE2A-628A8197ECFD}.Release|x86.Build.0 = Release|Any CPU
		{1628A80E-5229-4493-8DED-CF9F64A660E3}.Ad-Hoc|Any CPU.ActiveCfg = Release|Any CPU
		{1628A80E-5229-4493-8DED-CF9F64A660E3}.Ad-Hoc|Any CPU.Build.0 = Release|Any CPU
		{1628A80E-5229-4493-8DED-CF9F64A660E3}.Ad-Hoc|Any CPU.Deploy.0 = Release|Any CPU
		{1628A80E-5229-4493-8DED-CF9F64A660E3}.Ad-Hoc|iPhone.ActiveCfg = Release|Any CPU
		{1628A80E-5229-4493-8DED-CF9F64A660E3}.Ad-Hoc|iPhone.Build.0 = Release|Any CPU
		{1628A80E-5229-4493-8DED-CF9F64A660E3}.Ad-Hoc|iPhone.Deploy.0 = Release|Any CPU
		{1628A80E-5229-4493-8DED-CF9F64A660E3}.Ad-Hoc|iPhoneSimulator.ActiveCfg = Release|Any CPU
		{1628A80E-5229-4493-8DED-CF9F64A660E3}.Ad-Hoc|iPhoneSimulator.Build.0 = Release|Any CPU
		{1628A80E-5229-4493-8DED-CF9F64A660E3}.Ad-Hoc|iPhoneSimulator.Deploy.0 = Release|Any CPU
		{1628A80E-5229-4493-8DED-CF9F64A660E3}.Ad-Hoc|x64.ActiveCfg = Release|Any CPU
		{1628A80E-5229-4493-8DED-CF9F64A660E3}.Ad-Hoc|x64.Build.0 = Release|Any CPU
		{1628A80E-5229-4493-8DED-CF9F64A660E3}.Ad-Hoc|x64.Deploy.0 = Release|Any CPU
		{1628A80E-5229-4493-8DED-CF9F64A660E3}.Ad-Hoc|x86.ActiveCfg = Release|Any CPU
		{1628A80E-5229-4493-8DED-CF9F64A660E3}.Ad-Hoc|x86.Build.0 = Release|Any CPU
		{1628A80E-5229-4493-8DED-CF9F64A660E3}.Ad-Hoc|x86.Deploy.0 = Release|Any CPU
		{1628A80E-5229-4493-8DED-CF9F64A660E3}.AppStore|Any CPU.ActiveCfg = Release|Any CPU
		{1628A80E-5229-4493-8DED-CF9F64A660E3}.AppStore|Any CPU.Build.0 = Release|Any CPU
		{1628A80E-5229-4493-8DED-CF9F64A660E3}.AppStore|Any CPU.Deploy.0 = Release|Any CPU
		{1628A80E-5229-4493-8DED-CF9F64A660E3}.AppStore|iPhone.ActiveCfg = Release|Any CPU
		{1628A80E-5229-4493-8DED-CF9F64A660E3}.AppStore|iPhone.Build.0 = Release|Any CPU
		{1628A80E-5229-4493-8DED-CF9F64A660E3}.AppStore|iPhone.Deploy.0 = Release|Any CPU
		{1628A80E-5229-4493-8DED-CF9F64A660E3}.AppStore|iPhoneSimulator.ActiveCfg = Release|Any CPU
		{1628A80E-5229-4493-8DED-CF9F64A660E3}.AppStore|iPhoneSimulator.Build.0 = Release|Any CPU
		{1628A80E-5229-4493-8DED-CF9F64A660E3}.AppStore|iPhoneSimulator.Deploy.0 = Release|Any CPU
		{1628A80E-5229-4493-8DED-CF9F64A660E3}.AppStore|x64.ActiveCfg = Release|Any CPU
		{1628A80E-5229-4493-8DED-CF9F64A660E3}.AppStore|x64.Build.0 = Release|Any CPU
		{1628A80E-5229-4493-8DED-CF9F64A660E3}.AppStore|x64.Deploy.0 = Release|Any CPU
		{1628A80E-5229-4493-8DED-CF9F64A660E3}.AppStore|x86.ActiveCfg = Release|Any CPU
		{1628A80E-5229-4493-8DED-CF9F64A660E3}.AppStore|x86.Build.0 = Release|Any CPU
		{1628A80E-5229-4493-8DED-CF9F64A660E3}.AppStore|x86.Deploy.0 = Release|Any CPU
		{1628A80E-5229-4493-8DED-CF9F64A660E3}.Debug|Any CPU.ActiveCfg = Debug|Any CPU
		{1628A80E-5229-4493-8DED-CF9F64A660E3}.Debug|Any CPU.Build.0 = Debug|Any CPU
		{1628A80E-5229-4493-8DED-CF9F64A660E3}.Debug|Any CPU.Deploy.0 = Debug|Any CPU
		{1628A80E-5229-4493-8DED-CF9F64A660E3}.Debug|iPhone.ActiveCfg = Debug|Any CPU
		{1628A80E-5229-4493-8DED-CF9F64A660E3}.Debug|iPhone.Build.0 = Debug|Any CPU
		{1628A80E-5229-4493-8DED-CF9F64A660E3}.Debug|iPhone.Deploy.0 = Debug|Any CPU
		{1628A80E-5229-4493-8DED-CF9F64A660E3}.Debug|iPhoneSimulator.ActiveCfg = Debug|Any CPU
		{1628A80E-5229-4493-8DED-CF9F64A660E3}.Debug|iPhoneSimulator.Build.0 = Debug|Any CPU
		{1628A80E-5229-4493-8DED-CF9F64A660E3}.Debug|iPhoneSimulator.Deploy.0 = Debug|Any CPU
		{1628A80E-5229-4493-8DED-CF9F64A660E3}.Debug|x64.ActiveCfg = Debug|Any CPU
		{1628A80E-5229-4493-8DED-CF9F64A660E3}.Debug|x64.Build.0 = Debug|Any CPU
		{1628A80E-5229-4493-8DED-CF9F64A660E3}.Debug|x64.Deploy.0 = Debug|Any CPU
		{1628A80E-5229-4493-8DED-CF9F64A660E3}.Debug|x86.ActiveCfg = Debug|Any CPU
		{1628A80E-5229-4493-8DED-CF9F64A660E3}.Debug|x86.Build.0 = Debug|Any CPU
		{1628A80E-5229-4493-8DED-CF9F64A660E3}.Debug|x86.Deploy.0 = Debug|Any CPU
		{1628A80E-5229-4493-8DED-CF9F64A660E3}.Release|Any CPU.ActiveCfg = Release|Any CPU
		{1628A80E-5229-4493-8DED-CF9F64A660E3}.Release|Any CPU.Build.0 = Release|Any CPU
		{1628A80E-5229-4493-8DED-CF9F64A660E3}.Release|Any CPU.Deploy.0 = Release|Any CPU
		{1628A80E-5229-4493-8DED-CF9F64A660E3}.Release|iPhone.ActiveCfg = Release|Any CPU
		{1628A80E-5229-4493-8DED-CF9F64A660E3}.Release|iPhone.Build.0 = Release|Any CPU
		{1628A80E-5229-4493-8DED-CF9F64A660E3}.Release|iPhone.Deploy.0 = Release|Any CPU
		{1628A80E-5229-4493-8DED-CF9F64A660E3}.Release|iPhoneSimulator.ActiveCfg = Release|Any CPU
		{1628A80E-5229-4493-8DED-CF9F64A660E3}.Release|iPhoneSimulator.Build.0 = Release|Any CPU
		{1628A80E-5229-4493-8DED-CF9F64A660E3}.Release|iPhoneSimulator.Deploy.0 = Release|Any CPU
		{1628A80E-5229-4493-8DED-CF9F64A660E3}.Release|x64.ActiveCfg = Release|Any CPU
		{1628A80E-5229-4493-8DED-CF9F64A660E3}.Release|x64.Build.0 = Release|Any CPU
		{1628A80E-5229-4493-8DED-CF9F64A660E3}.Release|x64.Deploy.0 = Release|Any CPU
		{1628A80E-5229-4493-8DED-CF9F64A660E3}.Release|x86.ActiveCfg = Release|Any CPU
		{1628A80E-5229-4493-8DED-CF9F64A660E3}.Release|x86.Build.0 = Release|Any CPU
		{1628A80E-5229-4493-8DED-CF9F64A660E3}.Release|x86.Deploy.0 = Release|Any CPU
		{02E1D218-DD9D-4BA2-91F9-0F1D7A59B3CF}.Ad-Hoc|Any CPU.ActiveCfg = Release|Any CPU
		{02E1D218-DD9D-4BA2-91F9-0F1D7A59B3CF}.Ad-Hoc|Any CPU.Build.0 = Release|Any CPU
		{02E1D218-DD9D-4BA2-91F9-0F1D7A59B3CF}.Ad-Hoc|iPhone.ActiveCfg = Release|Any CPU
		{02E1D218-DD9D-4BA2-91F9-0F1D7A59B3CF}.Ad-Hoc|iPhone.Build.0 = Release|Any CPU
		{02E1D218-DD9D-4BA2-91F9-0F1D7A59B3CF}.Ad-Hoc|iPhoneSimulator.ActiveCfg = Release|Any CPU
		{02E1D218-DD9D-4BA2-91F9-0F1D7A59B3CF}.Ad-Hoc|iPhoneSimulator.Build.0 = Release|Any CPU
		{02E1D218-DD9D-4BA2-91F9-0F1D7A59B3CF}.Ad-Hoc|x64.ActiveCfg = Release|Any CPU
		{02E1D218-DD9D-4BA2-91F9-0F1D7A59B3CF}.Ad-Hoc|x64.Build.0 = Release|Any CPU
		{02E1D218-DD9D-4BA2-91F9-0F1D7A59B3CF}.Ad-Hoc|x86.ActiveCfg = Release|Any CPU
		{02E1D218-DD9D-4BA2-91F9-0F1D7A59B3CF}.Ad-Hoc|x86.Build.0 = Release|Any CPU
		{02E1D218-DD9D-4BA2-91F9-0F1D7A59B3CF}.AppStore|Any CPU.ActiveCfg = Release|Any CPU
		{02E1D218-DD9D-4BA2-91F9-0F1D7A59B3CF}.AppStore|Any CPU.Build.0 = Release|Any CPU
		{02E1D218-DD9D-4BA2-91F9-0F1D7A59B3CF}.AppStore|iPhone.ActiveCfg = Release|Any CPU
		{02E1D218-DD9D-4BA2-91F9-0F1D7A59B3CF}.AppStore|iPhone.Build.0 = Release|Any CPU
		{02E1D218-DD9D-4BA2-91F9-0F1D7A59B3CF}.AppStore|iPhoneSimulator.ActiveCfg = Release|Any CPU
		{02E1D218-DD9D-4BA2-91F9-0F1D7A59B3CF}.AppStore|iPhoneSimulator.Build.0 = Release|Any CPU
		{02E1D218-DD9D-4BA2-91F9-0F1D7A59B3CF}.AppStore|x64.ActiveCfg = Release|Any CPU
		{02E1D218-DD9D-4BA2-91F9-0F1D7A59B3CF}.AppStore|x64.Build.0 = Release|Any CPU
		{02E1D218-DD9D-4BA2-91F9-0F1D7A59B3CF}.AppStore|x86.ActiveCfg = Release|Any CPU
		{02E1D218-DD9D-4BA2-91F9-0F1D7A59B3CF}.AppStore|x86.Build.0 = Release|Any CPU
		{02E1D218-DD9D-4BA2-91F9-0F1D7A59B3CF}.Debug|Any CPU.ActiveCfg = Debug|Any CPU
		{02E1D218-DD9D-4BA2-91F9-0F1D7A59B3CF}.Debug|Any CPU.Build.0 = Debug|Any CPU
		{02E1D218-DD9D-4BA2-91F9-0F1D7A59B3CF}.Debug|iPhone.ActiveCfg = Debug|Any CPU
		{02E1D218-DD9D-4BA2-91F9-0F1D7A59B3CF}.Debug|iPhone.Build.0 = Debug|Any CPU
		{02E1D218-DD9D-4BA2-91F9-0F1D7A59B3CF}.Debug|iPhoneSimulator.ActiveCfg = Debug|Any CPU
		{02E1D218-DD9D-4BA2-91F9-0F1D7A59B3CF}.Debug|iPhoneSimulator.Build.0 = Debug|Any CPU
		{02E1D218-DD9D-4BA2-91F9-0F1D7A59B3CF}.Debug|x64.ActiveCfg = Debug|Any CPU
		{02E1D218-DD9D-4BA2-91F9-0F1D7A59B3CF}.Debug|x64.Build.0 = Debug|Any CPU
		{02E1D218-DD9D-4BA2-91F9-0F1D7A59B3CF}.Debug|x86.ActiveCfg = Debug|Any CPU
		{02E1D218-DD9D-4BA2-91F9-0F1D7A59B3CF}.Debug|x86.Build.0 = Debug|Any CPU
		{02E1D218-DD9D-4BA2-91F9-0F1D7A59B3CF}.Release|Any CPU.ActiveCfg = Release|Any CPU
		{02E1D218-DD9D-4BA2-91F9-0F1D7A59B3CF}.Release|Any CPU.Build.0 = Release|Any CPU
		{02E1D218-DD9D-4BA2-91F9-0F1D7A59B3CF}.Release|iPhone.ActiveCfg = Release|Any CPU
		{02E1D218-DD9D-4BA2-91F9-0F1D7A59B3CF}.Release|iPhone.Build.0 = Release|Any CPU
		{02E1D218-DD9D-4BA2-91F9-0F1D7A59B3CF}.Release|iPhoneSimulator.ActiveCfg = Release|Any CPU
		{02E1D218-DD9D-4BA2-91F9-0F1D7A59B3CF}.Release|iPhoneSimulator.Build.0 = Release|Any CPU
		{02E1D218-DD9D-4BA2-91F9-0F1D7A59B3CF}.Release|x64.ActiveCfg = Release|Any CPU
		{02E1D218-DD9D-4BA2-91F9-0F1D7A59B3CF}.Release|x64.Build.0 = Release|Any CPU
		{02E1D218-DD9D-4BA2-91F9-0F1D7A59B3CF}.Release|x86.ActiveCfg = Release|Any CPU
		{02E1D218-DD9D-4BA2-91F9-0F1D7A59B3CF}.Release|x86.Build.0 = Release|Any CPU
		{C4079C12-8229-4FD0-84D5-65CCEC22660C}.Ad-Hoc|Any CPU.ActiveCfg = Ad-Hoc|iPhone
		{C4079C12-8229-4FD0-84D5-65CCEC22660C}.Ad-Hoc|iPhone.ActiveCfg = Ad-Hoc|iPhone
		{C4079C12-8229-4FD0-84D5-65CCEC22660C}.Ad-Hoc|iPhone.Build.0 = Ad-Hoc|iPhone
		{C4079C12-8229-4FD0-84D5-65CCEC22660C}.Ad-Hoc|iPhoneSimulator.ActiveCfg = Ad-Hoc|iPhoneSimulator
		{C4079C12-8229-4FD0-84D5-65CCEC22660C}.Ad-Hoc|iPhoneSimulator.Build.0 = Ad-Hoc|iPhoneSimulator
		{C4079C12-8229-4FD0-84D5-65CCEC22660C}.Ad-Hoc|x64.ActiveCfg = Ad-Hoc|iPhone
		{C4079C12-8229-4FD0-84D5-65CCEC22660C}.Ad-Hoc|x86.ActiveCfg = Ad-Hoc|iPhone
		{C4079C12-8229-4FD0-84D5-65CCEC22660C}.AppStore|Any CPU.ActiveCfg = AppStore|iPhone
		{C4079C12-8229-4FD0-84D5-65CCEC22660C}.AppStore|iPhone.ActiveCfg = AppStore|iPhone
		{C4079C12-8229-4FD0-84D5-65CCEC22660C}.AppStore|iPhone.Build.0 = AppStore|iPhone
		{C4079C12-8229-4FD0-84D5-65CCEC22660C}.AppStore|iPhoneSimulator.ActiveCfg = AppStore|iPhoneSimulator
		{C4079C12-8229-4FD0-84D5-65CCEC22660C}.AppStore|iPhoneSimulator.Build.0 = AppStore|iPhoneSimulator
		{C4079C12-8229-4FD0-84D5-65CCEC22660C}.AppStore|x64.ActiveCfg = AppStore|iPhone
		{C4079C12-8229-4FD0-84D5-65CCEC22660C}.AppStore|x86.ActiveCfg = AppStore|iPhone
		{C4079C12-8229-4FD0-84D5-65CCEC22660C}.Debug|Any CPU.ActiveCfg = Debug|iPhone
		{C4079C12-8229-4FD0-84D5-65CCEC22660C}.Debug|iPhone.ActiveCfg = Debug|iPhone
		{C4079C12-8229-4FD0-84D5-65CCEC22660C}.Debug|iPhone.Build.0 = Debug|iPhone
		{C4079C12-8229-4FD0-84D5-65CCEC22660C}.Debug|iPhoneSimulator.ActiveCfg = Debug|iPhoneSimulator
		{C4079C12-8229-4FD0-84D5-65CCEC22660C}.Debug|iPhoneSimulator.Build.0 = Debug|iPhoneSimulator
		{C4079C12-8229-4FD0-84D5-65CCEC22660C}.Debug|x64.ActiveCfg = Debug|iPhone
		{C4079C12-8229-4FD0-84D5-65CCEC22660C}.Debug|x86.ActiveCfg = Debug|iPhone
		{C4079C12-8229-4FD0-84D5-65CCEC22660C}.Release|Any CPU.ActiveCfg = Release|iPhone
		{C4079C12-8229-4FD0-84D5-65CCEC22660C}.Release|iPhone.ActiveCfg = Release|iPhone
		{C4079C12-8229-4FD0-84D5-65CCEC22660C}.Release|iPhone.Build.0 = Release|iPhone
		{C4079C12-8229-4FD0-84D5-65CCEC22660C}.Release|iPhoneSimulator.ActiveCfg = Release|iPhoneSimulator
		{C4079C12-8229-4FD0-84D5-65CCEC22660C}.Release|iPhoneSimulator.Build.0 = Release|iPhoneSimulator
		{C4079C12-8229-4FD0-84D5-65CCEC22660C}.Release|x64.ActiveCfg = Release|iPhone
		{C4079C12-8229-4FD0-84D5-65CCEC22660C}.Release|x86.ActiveCfg = Release|iPhone
		{FC46DABC-7D85-4EB8-9DA5-F41A4B1F90CD}.Ad-Hoc|Any CPU.ActiveCfg = Release|Any CPU
		{FC46DABC-7D85-4EB8-9DA5-F41A4B1F90CD}.Ad-Hoc|Any CPU.Build.0 = Release|Any CPU
		{FC46DABC-7D85-4EB8-9DA5-F41A4B1F90CD}.Ad-Hoc|iPhone.ActiveCfg = Release|Any CPU
		{FC46DABC-7D85-4EB8-9DA5-F41A4B1F90CD}.Ad-Hoc|iPhone.Build.0 = Release|Any CPU
		{FC46DABC-7D85-4EB8-9DA5-F41A4B1F90CD}.Ad-Hoc|iPhoneSimulator.ActiveCfg = Release|Any CPU
		{FC46DABC-7D85-4EB8-9DA5-F41A4B1F90CD}.Ad-Hoc|iPhoneSimulator.Build.0 = Release|Any CPU
		{FC46DABC-7D85-4EB8-9DA5-F41A4B1F90CD}.Ad-Hoc|x64.ActiveCfg = Release|Any CPU
		{FC46DABC-7D85-4EB8-9DA5-F41A4B1F90CD}.Ad-Hoc|x64.Build.0 = Release|Any CPU
		{FC46DABC-7D85-4EB8-9DA5-F41A4B1F90CD}.Ad-Hoc|x86.ActiveCfg = Release|Any CPU
		{FC46DABC-7D85-4EB8-9DA5-F41A4B1F90CD}.Ad-Hoc|x86.Build.0 = Release|Any CPU
		{FC46DABC-7D85-4EB8-9DA5-F41A4B1F90CD}.AppStore|Any CPU.ActiveCfg = Release|Any CPU
		{FC46DABC-7D85-4EB8-9DA5-F41A4B1F90CD}.AppStore|Any CPU.Build.0 = Release|Any CPU
		{FC46DABC-7D85-4EB8-9DA5-F41A4B1F90CD}.AppStore|iPhone.ActiveCfg = Release|Any CPU
		{FC46DABC-7D85-4EB8-9DA5-F41A4B1F90CD}.AppStore|iPhone.Build.0 = Release|Any CPU
		{FC46DABC-7D85-4EB8-9DA5-F41A4B1F90CD}.AppStore|iPhoneSimulator.ActiveCfg = Release|Any CPU
		{FC46DABC-7D85-4EB8-9DA5-F41A4B1F90CD}.AppStore|iPhoneSimulator.Build.0 = Release|Any CPU
		{FC46DABC-7D85-4EB8-9DA5-F41A4B1F90CD}.AppStore|x64.ActiveCfg = Release|Any CPU
		{FC46DABC-7D85-4EB8-9DA5-F41A4B1F90CD}.AppStore|x64.Build.0 = Release|Any CPU
		{FC46DABC-7D85-4EB8-9DA5-F41A4B1F90CD}.AppStore|x86.ActiveCfg = Release|Any CPU
		{FC46DABC-7D85-4EB8-9DA5-F41A4B1F90CD}.AppStore|x86.Build.0 = Release|Any CPU
		{FC46DABC-7D85-4EB8-9DA5-F41A4B1F90CD}.Debug|Any CPU.ActiveCfg = Debug|Any CPU
		{FC46DABC-7D85-4EB8-9DA5-F41A4B1F90CD}.Debug|Any CPU.Build.0 = Debug|Any CPU
		{FC46DABC-7D85-4EB8-9DA5-F41A4B1F90CD}.Debug|iPhone.ActiveCfg = Debug|Any CPU
		{FC46DABC-7D85-4EB8-9DA5-F41A4B1F90CD}.Debug|iPhone.Build.0 = Debug|Any CPU
		{FC46DABC-7D85-4EB8-9DA5-F41A4B1F90CD}.Debug|iPhoneSimulator.ActiveCfg = Debug|Any CPU
		{FC46DABC-7D85-4EB8-9DA5-F41A4B1F90CD}.Debug|iPhoneSimulator.Build.0 = Debug|Any CPU
		{FC46DABC-7D85-4EB8-9DA5-F41A4B1F90CD}.Debug|x64.ActiveCfg = Debug|Any CPU
		{FC46DABC-7D85-4EB8-9DA5-F41A4B1F90CD}.Debug|x64.Build.0 = Debug|Any CPU
		{FC46DABC-7D85-4EB8-9DA5-F41A4B1F90CD}.Debug|x86.ActiveCfg = Debug|Any CPU
		{FC46DABC-7D85-4EB8-9DA5-F41A4B1F90CD}.Debug|x86.Build.0 = Debug|Any CPU
		{FC46DABC-7D85-4EB8-9DA5-F41A4B1F90CD}.Release|Any CPU.ActiveCfg = Release|Any CPU
		{FC46DABC-7D85-4EB8-9DA5-F41A4B1F90CD}.Release|Any CPU.Build.0 = Release|Any CPU
		{FC46DABC-7D85-4EB8-9DA5-F41A4B1F90CD}.Release|iPhone.ActiveCfg = Release|Any CPU
		{FC46DABC-7D85-4EB8-9DA5-F41A4B1F90CD}.Release|iPhone.Build.0 = Release|Any CPU
		{FC46DABC-7D85-4EB8-9DA5-F41A4B1F90CD}.Release|iPhoneSimulator.ActiveCfg = Release|Any CPU
		{FC46DABC-7D85-4EB8-9DA5-F41A4B1F90CD}.Release|iPhoneSimulator.Build.0 = Release|Any CPU
		{FC46DABC-7D85-4EB8-9DA5-F41A4B1F90CD}.Release|x64.ActiveCfg = Release|Any CPU
		{FC46DABC-7D85-4EB8-9DA5-F41A4B1F90CD}.Release|x64.Build.0 = Release|Any CPU
		{FC46DABC-7D85-4EB8-9DA5-F41A4B1F90CD}.Release|x86.ActiveCfg = Release|Any CPU
		{FC46DABC-7D85-4EB8-9DA5-F41A4B1F90CD}.Release|x86.Build.0 = Release|Any CPU
		{4166B3B1-8B04-4C44-BE48-9C962DB51409}.Ad-Hoc|Any CPU.ActiveCfg = Release|Any CPU
		{4166B3B1-8B04-4C44-BE48-9C962DB51409}.Ad-Hoc|Any CPU.Build.0 = Release|Any CPU
		{4166B3B1-8B04-4C44-BE48-9C962DB51409}.Ad-Hoc|iPhone.ActiveCfg = Release|Any CPU
		{4166B3B1-8B04-4C44-BE48-9C962DB51409}.Ad-Hoc|iPhone.Build.0 = Release|Any CPU
		{4166B3B1-8B04-4C44-BE48-9C962DB51409}.Ad-Hoc|iPhoneSimulator.ActiveCfg = Release|Any CPU
		{4166B3B1-8B04-4C44-BE48-9C962DB51409}.Ad-Hoc|iPhoneSimulator.Build.0 = Release|Any CPU
		{4166B3B1-8B04-4C44-BE48-9C962DB51409}.Ad-Hoc|x64.ActiveCfg = Release|Any CPU
		{4166B3B1-8B04-4C44-BE48-9C962DB51409}.Ad-Hoc|x64.Build.0 = Release|Any CPU
		{4166B3B1-8B04-4C44-BE48-9C962DB51409}.Ad-Hoc|x86.ActiveCfg = Release|Any CPU
		{4166B3B1-8B04-4C44-BE48-9C962DB51409}.Ad-Hoc|x86.Build.0 = Release|Any CPU
		{4166B3B1-8B04-4C44-BE48-9C962DB51409}.AppStore|Any CPU.ActiveCfg = Release|Any CPU
		{4166B3B1-8B04-4C44-BE48-9C962DB51409}.AppStore|Any CPU.Build.0 = Release|Any CPU
		{4166B3B1-8B04-4C44-BE48-9C962DB51409}.AppStore|iPhone.ActiveCfg = Release|Any CPU
		{4166B3B1-8B04-4C44-BE48-9C962DB51409}.AppStore|iPhone.Build.0 = Release|Any CPU
		{4166B3B1-8B04-4C44-BE48-9C962DB51409}.AppStore|iPhoneSimulator.ActiveCfg = Release|Any CPU
		{4166B3B1-8B04-4C44-BE48-9C962DB51409}.AppStore|iPhoneSimulator.Build.0 = Release|Any CPU
		{4166B3B1-8B04-4C44-BE48-9C962DB51409}.AppStore|x64.ActiveCfg = Release|Any CPU
		{4166B3B1-8B04-4C44-BE48-9C962DB51409}.AppStore|x64.Build.0 = Release|Any CPU
		{4166B3B1-8B04-4C44-BE48-9C962DB51409}.AppStore|x86.ActiveCfg = Release|Any CPU
		{4166B3B1-8B04-4C44-BE48-9C962DB51409}.AppStore|x86.Build.0 = Release|Any CPU
		{4166B3B1-8B04-4C44-BE48-9C962DB51409}.Debug|Any CPU.ActiveCfg = Debug|Any CPU
		{4166B3B1-8B04-4C44-BE48-9C962DB51409}.Debug|Any CPU.Build.0 = Debug|Any CPU
		{4166B3B1-8B04-4C44-BE48-9C962DB51409}.Debug|iPhone.ActiveCfg = Debug|Any CPU
		{4166B3B1-8B04-4C44-BE48-9C962DB51409}.Debug|iPhone.Build.0 = Debug|Any CPU
		{4166B3B1-8B04-4C44-BE48-9C962DB51409}.Debug|iPhoneSimulator.ActiveCfg = Debug|Any CPU
		{4166B3B1-8B04-4C44-BE48-9C962DB51409}.Debug|iPhoneSimulator.Build.0 = Debug|Any CPU
		{4166B3B1-8B04-4C44-BE48-9C962DB51409}.Debug|x64.ActiveCfg = Debug|Any CPU
		{4166B3B1-8B04-4C44-BE48-9C962DB51409}.Debug|x64.Build.0 = Debug|Any CPU
		{4166B3B1-8B04-4C44-BE48-9C962DB51409}.Debug|x86.ActiveCfg = Debug|Any CPU
		{4166B3B1-8B04-4C44-BE48-9C962DB51409}.Debug|x86.Build.0 = Debug|Any CPU
		{4166B3B1-8B04-4C44-BE48-9C962DB51409}.Release|Any CPU.ActiveCfg = Release|Any CPU
		{4166B3B1-8B04-4C44-BE48-9C962DB51409}.Release|Any CPU.Build.0 = Release|Any CPU
		{4166B3B1-8B04-4C44-BE48-9C962DB51409}.Release|iPhone.ActiveCfg = Release|Any CPU
		{4166B3B1-8B04-4C44-BE48-9C962DB51409}.Release|iPhone.Build.0 = Release|Any CPU
		{4166B3B1-8B04-4C44-BE48-9C962DB51409}.Release|iPhoneSimulator.ActiveCfg = Release|Any CPU
		{4166B3B1-8B04-4C44-BE48-9C962DB51409}.Release|iPhoneSimulator.Build.0 = Release|Any CPU
		{4166B3B1-8B04-4C44-BE48-9C962DB51409}.Release|x64.ActiveCfg = Release|Any CPU
		{4166B3B1-8B04-4C44-BE48-9C962DB51409}.Release|x64.Build.0 = Release|Any CPU
		{4166B3B1-8B04-4C44-BE48-9C962DB51409}.Release|x86.ActiveCfg = Release|Any CPU
		{4166B3B1-8B04-4C44-BE48-9C962DB51409}.Release|x86.Build.0 = Release|Any CPU
	EndGlobalSection
	GlobalSection(SolutionProperties) = preSolution
		HideSolutionNode = FALSE
	EndGlobalSection
	GlobalSection(NestedProjects) = preSolution
		{56B7F94A-C12E-4476-8E83-F972C946C056} = {729360F1-255F-4E75-BA0D-656B99E98772}
		{902B446C-0FED-4D82-A467-D9D8D454C110} = {729360F1-255F-4E75-BA0D-656B99E98772}
		{5E82F402-F876-4A29-B59E-1BA21591A44A} = {729360F1-255F-4E75-BA0D-656B99E98772}
		{D19302EC-BA0F-4E52-BE2A-628A8197ECFD} = {729360F1-255F-4E75-BA0D-656B99E98772}
		{1628A80E-5229-4493-8DED-CF9F64A660E3} = {BC26EF34-FB12-4320-B77E-02DD4872316D}
		{02E1D218-DD9D-4BA2-91F9-0F1D7A59B3CF} = {BC26EF34-FB12-4320-B77E-02DD4872316D}
		{C4079C12-8229-4FD0-84D5-65CCEC22660C} = {BC26EF34-FB12-4320-B77E-02DD4872316D}
		{FC46DABC-7D85-4EB8-9DA5-F41A4B1F90CD} = {960AB8F1-BF4E-4AC1-8497-1C21755020F8}
		{4166B3B1-8B04-4C44-BE48-9C962DB51409} = {960AB8F1-BF4E-4AC1-8497-1C21755020F8}
	EndGlobalSection
EndGlobal
