
Microsoft Visual Studio Solution File, Format Version 12.00
# Visual Studio 14
VisualStudioVersion = 14.0.25420.1
MinimumVisualStudioVersion = 10.0.40219.1
Project("{FAE04EC0-301F-11D3-BF4B-00C04F79EFBC}") = "Demo", "Demo\Demo.csproj", "{02E1D218-DD9D-4BA2-91F9-0F1D7A59B3CF}"
EndProject
Project("{FAE04EC0-301F-11D3-BF4B-00C04F79EFBC}") = "POGOLib.Tests", "POGOLib.Tests\POGOLib.Tests.csproj", "{A2D0C4E3-EAF1-4739-8E13-C82B421A096F}"
EndProject
Project("{FAE04EC0-301F-11D3-BF4B-00C04F79EFBC}") = "POGOLib", "POGOLib\POGOLib.csproj", "{AE7C8436-EAB8-407C-83CF-D9EA62F1C781}"
EndProject
Project("{FAE04EC0-301F-11D3-BF4B-00C04F79EFBC}") = "S2Geometry", "s2-geometry-library-csharp\S2Geometry\S2Geometry.csproj", "{5E82F402-F876-4A29-B59E-1BA21591A44A}"
EndProject
Project("{FAE04EC0-301F-11D3-BF4B-00C04F79EFBC}") = "PokemonGoEncryptSharp", "pokemongo-encrypt-sharp\PokemonGoEncryptSharp\PokemonGoEncryptSharp\PokemonGoEncryptSharp.csproj", "{902B446C-0FED-4D82-A467-D9D8D454C110}"
EndProject
Project("{FAE04EC0-301F-11D3-BF4B-00C04F79EFBC}") = "GPSOAuthSharp", "GPSOAuthSharp\GPSOAuthSharp\GPSOAuthSharp.csproj", "{56B7F94A-C12E-4476-8E83-F972C946C056}"
EndProject
Project("{FAE04EC0-301F-11D3-BF4B-00C04F79EFBC}") = "GoogleLoginProviderLib", "GoogleLoginProviderLib\GoogleLoginProviderLib.csproj", "{4166B3B1-8B04-4C44-BE48-9C962DB51409}"
EndProject
Project("{FAE04EC0-301F-11D3-BF4B-00C04F79EFBC}") = "FileDataCacheLib", "FileDataCacheLib\FileDataCacheLib.csproj", "{FC46DABC-7D85-4EB8-9DA5-F41A4B1F90CD}"
EndProject
Project("{FAE04EC0-301F-11D3-BF4B-00C04F79EFBC}") = "AndroidGoogleLoginProviderLib", "AndroidGoogleLoginProviderLib\AndroidGoogleLoginProviderLib.csproj", "{47F463DC-489D-4EF7-A397-8BBB9D262724}"
EndProject
Project("{FAE04EC0-301F-11D3-BF4B-00C04F79EFBC}") = "AndroidDemo", "AndroidDemo\AndroidDemo.csproj", "{FB0D2D61-D055-40AD-8471-D12ADFDE816F}"
EndProject
Global
	GlobalSection(SolutionConfigurationPlatforms) = preSolution
		Debug|Any CPU = Debug|Any CPU
		Debug|x64 = Debug|x64
		Debug|x86 = Debug|x86
		Release|Any CPU = Release|Any CPU
		Release|x64 = Release|x64
		Release|x86 = Release|x86
	EndGlobalSection
	GlobalSection(ProjectConfigurationPlatforms) = postSolution
		{02E1D218-DD9D-4BA2-91F9-0F1D7A59B3CF}.Debug|Any CPU.ActiveCfg = Debug|Any CPU
		{02E1D218-DD9D-4BA2-91F9-0F1D7A59B3CF}.Debug|Any CPU.Build.0 = Debug|Any CPU
		{02E1D218-DD9D-4BA2-91F9-0F1D7A59B3CF}.Debug|x64.ActiveCfg = Debug|Any CPU
		{02E1D218-DD9D-4BA2-91F9-0F1D7A59B3CF}.Debug|x64.Build.0 = Debug|Any CPU
		{02E1D218-DD9D-4BA2-91F9-0F1D7A59B3CF}.Debug|x86.ActiveCfg = Debug|Any CPU
		{02E1D218-DD9D-4BA2-91F9-0F1D7A59B3CF}.Debug|x86.Build.0 = Debug|Any CPU
		{02E1D218-DD9D-4BA2-91F9-0F1D7A59B3CF}.Release|Any CPU.ActiveCfg = Release|Any CPU
		{02E1D218-DD9D-4BA2-91F9-0F1D7A59B3CF}.Release|Any CPU.Build.0 = Release|Any CPU
		{02E1D218-DD9D-4BA2-91F9-0F1D7A59B3CF}.Release|x64.ActiveCfg = Release|Any CPU
		{02E1D218-DD9D-4BA2-91F9-0F1D7A59B3CF}.Release|x64.Build.0 = Release|Any CPU
		{02E1D218-DD9D-4BA2-91F9-0F1D7A59B3CF}.Release|x86.ActiveCfg = Release|Any CPU
		{02E1D218-DD9D-4BA2-91F9-0F1D7A59B3CF}.Release|x86.Build.0 = Release|Any CPU
		{A2D0C4E3-EAF1-4739-8E13-C82B421A096F}.Debug|Any CPU.ActiveCfg = Debug|Any CPU
		{A2D0C4E3-EAF1-4739-8E13-C82B421A096F}.Debug|Any CPU.Build.0 = Debug|Any CPU
		{A2D0C4E3-EAF1-4739-8E13-C82B421A096F}.Debug|x64.ActiveCfg = Debug|Any CPU
		{A2D0C4E3-EAF1-4739-8E13-C82B421A096F}.Debug|x64.Build.0 = Debug|Any CPU
		{A2D0C4E3-EAF1-4739-8E13-C82B421A096F}.Debug|x86.ActiveCfg = Debug|Any CPU
		{A2D0C4E3-EAF1-4739-8E13-C82B421A096F}.Debug|x86.Build.0 = Debug|Any CPU
		{A2D0C4E3-EAF1-4739-8E13-C82B421A096F}.Release|Any CPU.ActiveCfg = Release|Any CPU
		{A2D0C4E3-EAF1-4739-8E13-C82B421A096F}.Release|Any CPU.Build.0 = Release|Any CPU
		{A2D0C4E3-EAF1-4739-8E13-C82B421A096F}.Release|x64.ActiveCfg = Release|Any CPU
		{A2D0C4E3-EAF1-4739-8E13-C82B421A096F}.Release|x64.Build.0 = Release|Any CPU
		{A2D0C4E3-EAF1-4739-8E13-C82B421A096F}.Release|x86.ActiveCfg = Release|Any CPU
		{A2D0C4E3-EAF1-4739-8E13-C82B421A096F}.Release|x86.Build.0 = Release|Any CPU
		{AE7C8436-EAB8-407C-83CF-D9EA62F1C781}.Debug|Any CPU.ActiveCfg = Debug|Any CPU
		{AE7C8436-EAB8-407C-83CF-D9EA62F1C781}.Debug|Any CPU.Build.0 = Debug|Any CPU
		{AE7C8436-EAB8-407C-83CF-D9EA62F1C781}.Debug|x64.ActiveCfg = Debug|Any CPU
		{AE7C8436-EAB8-407C-83CF-D9EA62F1C781}.Debug|x64.Build.0 = Debug|Any CPU
		{AE7C8436-EAB8-407C-83CF-D9EA62F1C781}.Debug|x86.ActiveCfg = Debug|Any CPU
		{AE7C8436-EAB8-407C-83CF-D9EA62F1C781}.Debug|x86.Build.0 = Debug|Any CPU
		{AE7C8436-EAB8-407C-83CF-D9EA62F1C781}.Release|Any CPU.ActiveCfg = Release|Any CPU
		{AE7C8436-EAB8-407C-83CF-D9EA62F1C781}.Release|Any CPU.Build.0 = Release|Any CPU
		{AE7C8436-EAB8-407C-83CF-D9EA62F1C781}.Release|x64.ActiveCfg = Release|Any CPU
		{AE7C8436-EAB8-407C-83CF-D9EA62F1C781}.Release|x64.Build.0 = Release|Any CPU
		{AE7C8436-EAB8-407C-83CF-D9EA62F1C781}.Release|x86.ActiveCfg = Release|Any CPU
		{AE7C8436-EAB8-407C-83CF-D9EA62F1C781}.Release|x86.Build.0 = Release|Any CPU
		{5E82F402-F876-4A29-B59E-1BA21591A44A}.Debug|Any CPU.ActiveCfg = Debug|Any CPU
		{5E82F402-F876-4A29-B59E-1BA21591A44A}.Debug|Any CPU.Build.0 = Debug|Any CPU
		{5E82F402-F876-4A29-B59E-1BA21591A44A}.Debug|x64.ActiveCfg = Debug|Any CPU
		{5E82F402-F876-4A29-B59E-1BA21591A44A}.Debug|x64.Build.0 = Debug|Any CPU
		{5E82F402-F876-4A29-B59E-1BA21591A44A}.Debug|x86.ActiveCfg = Debug|Any CPU
		{5E82F402-F876-4A29-B59E-1BA21591A44A}.Debug|x86.Build.0 = Debug|Any CPU
		{5E82F402-F876-4A29-B59E-1BA21591A44A}.Release|Any CPU.ActiveCfg = Release|Any CPU
		{5E82F402-F876-4A29-B59E-1BA21591A44A}.Release|Any CPU.Build.0 = Release|Any CPU
		{5E82F402-F876-4A29-B59E-1BA21591A44A}.Release|x64.ActiveCfg = Release|Any CPU
		{5E82F402-F876-4A29-B59E-1BA21591A44A}.Release|x64.Build.0 = Release|Any CPU
		{5E82F402-F876-4A29-B59E-1BA21591A44A}.Release|x86.ActiveCfg = Release|Any CPU
		{5E82F402-F876-4A29-B59E-1BA21591A44A}.Release|x86.Build.0 = Release|Any CPU
		{902B446C-0FED-4D82-A467-D9D8D454C110}.Debug|Any CPU.ActiveCfg = Debug|Any CPU
		{902B446C-0FED-4D82-A467-D9D8D454C110}.Debug|Any CPU.Build.0 = Debug|Any CPU
		{902B446C-0FED-4D82-A467-D9D8D454C110}.Debug|x64.ActiveCfg = Debug|x64
		{902B446C-0FED-4D82-A467-D9D8D454C110}.Debug|x64.Build.0 = Debug|x64
		{902B446C-0FED-4D82-A467-D9D8D454C110}.Debug|x86.ActiveCfg = Debug|x86
		{902B446C-0FED-4D82-A467-D9D8D454C110}.Debug|x86.Build.0 = Debug|x86
		{902B446C-0FED-4D82-A467-D9D8D454C110}.Release|Any CPU.ActiveCfg = Release|Any CPU
		{902B446C-0FED-4D82-A467-D9D8D454C110}.Release|Any CPU.Build.0 = Release|Any CPU
		{902B446C-0FED-4D82-A467-D9D8D454C110}.Release|x64.ActiveCfg = Release|x64
		{902B446C-0FED-4D82-A467-D9D8D454C110}.Release|x64.Build.0 = Release|x64
		{902B446C-0FED-4D82-A467-D9D8D454C110}.Release|x86.ActiveCfg = Release|x86
		{902B446C-0FED-4D82-A467-D9D8D454C110}.Release|x86.Build.0 = Release|x86
		{56B7F94A-C12E-4476-8E83-F972C946C056}.Debug|Any CPU.ActiveCfg = Debug|Any CPU
		{56B7F94A-C12E-4476-8E83-F972C946C056}.Debug|Any CPU.Build.0 = Debug|Any CPU
		{56B7F94A-C12E-4476-8E83-F972C946C056}.Debug|x64.ActiveCfg = Debug|Any CPU
		{56B7F94A-C12E-4476-8E83-F972C946C056}.Debug|x64.Build.0 = Debug|Any CPU
		{56B7F94A-C12E-4476-8E83-F972C946C056}.Debug|x86.ActiveCfg = Debug|Any CPU
		{56B7F94A-C12E-4476-8E83-F972C946C056}.Debug|x86.Build.0 = Debug|Any CPU
		{56B7F94A-C12E-4476-8E83-F972C946C056}.Release|Any CPU.ActiveCfg = Release|Any CPU
		{56B7F94A-C12E-4476-8E83-F972C946C056}.Release|Any CPU.Build.0 = Release|Any CPU
		{56B7F94A-C12E-4476-8E83-F972C946C056}.Release|x64.ActiveCfg = Release|Any CPU
		{56B7F94A-C12E-4476-8E83-F972C946C056}.Release|x64.Build.0 = Release|Any CPU
		{56B7F94A-C12E-4476-8E83-F972C946C056}.Release|x86.ActiveCfg = Release|Any CPU
		{56B7F94A-C12E-4476-8E83-F972C946C056}.Release|x86.Build.0 = Release|Any CPU
		{4166B3B1-8B04-4C44-BE48-9C962DB51409}.Debug|Any CPU.ActiveCfg = Debug|Any CPU
		{4166B3B1-8B04-4C44-BE48-9C962DB51409}.Debug|Any CPU.Build.0 = Debug|Any CPU
		{4166B3B1-8B04-4C44-BE48-9C962DB51409}.Debug|x64.ActiveCfg = Debug|Any CPU
		{4166B3B1-8B04-4C44-BE48-9C962DB51409}.Debug|x64.Build.0 = Debug|Any CPU
		{4166B3B1-8B04-4C44-BE48-9C962DB51409}.Debug|x86.ActiveCfg = Debug|Any CPU
		{4166B3B1-8B04-4C44-BE48-9C962DB51409}.Debug|x86.Build.0 = Debug|Any CPU
		{4166B3B1-8B04-4C44-BE48-9C962DB51409}.Release|Any CPU.ActiveCfg = Release|Any CPU
		{4166B3B1-8B04-4C44-BE48-9C962DB51409}.Release|Any CPU.Build.0 = Release|Any CPU
		{4166B3B1-8B04-4C44-BE48-9C962DB51409}.Release|x64.ActiveCfg = Release|Any CPU
		{4166B3B1-8B04-4C44-BE48-9C962DB51409}.Release|x64.Build.0 = Release|Any CPU
		{4166B3B1-8B04-4C44-BE48-9C962DB51409}.Release|x86.ActiveCfg = Release|Any CPU
		{4166B3B1-8B04-4C44-BE48-9C962DB51409}.Release|x86.Build.0 = Release|Any CPU
		{FC46DABC-7D85-4EB8-9DA5-F41A4B1F90CD}.Debug|Any CPU.ActiveCfg = Debug|Any CPU
		{FC46DABC-7D85-4EB8-9DA5-F41A4B1F90CD}.Debug|Any CPU.Build.0 = Debug|Any CPU
		{FC46DABC-7D85-4EB8-9DA5-F41A4B1F90CD}.Debug|x64.ActiveCfg = Debug|Any CPU
		{FC46DABC-7D85-4EB8-9DA5-F41A4B1F90CD}.Debug|x64.Build.0 = Debug|Any CPU
		{FC46DABC-7D85-4EB8-9DA5-F41A4B1F90CD}.Debug|x86.ActiveCfg = Debug|Any CPU
		{FC46DABC-7D85-4EB8-9DA5-F41A4B1F90CD}.Debug|x86.Build.0 = Debug|Any CPU
		{FC46DABC-7D85-4EB8-9DA5-F41A4B1F90CD}.Release|Any CPU.ActiveCfg = Release|Any CPU
		{FC46DABC-7D85-4EB8-9DA5-F41A4B1F90CD}.Release|Any CPU.Build.0 = Release|Any CPU
		{FC46DABC-7D85-4EB8-9DA5-F41A4B1F90CD}.Release|x64.ActiveCfg = Release|Any CPU
		{FC46DABC-7D85-4EB8-9DA5-F41A4B1F90CD}.Release|x64.Build.0 = Release|Any CPU
		{FC46DABC-7D85-4EB8-9DA5-F41A4B1F90CD}.Release|x86.ActiveCfg = Release|Any CPU
		{FC46DABC-7D85-4EB8-9DA5-F41A4B1F90CD}.Release|x86.Build.0 = Release|Any CPU
		{47F463DC-489D-4EF7-A397-8BBB9D262724}.Debug|Any CPU.ActiveCfg = Debug|Any CPU
		{47F463DC-489D-4EF7-A397-8BBB9D262724}.Debug|Any CPU.Build.0 = Debug|Any CPU
		{47F463DC-489D-4EF7-A397-8BBB9D262724}.Debug|x64.ActiveCfg = Debug|Any CPU
		{47F463DC-489D-4EF7-A397-8BBB9D262724}.Debug|x64.Build.0 = Debug|Any CPU
		{47F463DC-489D-4EF7-A397-8BBB9D262724}.Debug|x86.ActiveCfg = Debug|Any CPU
		{47F463DC-489D-4EF7-A397-8BBB9D262724}.Debug|x86.Build.0 = Debug|Any CPU
		{47F463DC-489D-4EF7-A397-8BBB9D262724}.Release|Any CPU.ActiveCfg = Release|Any CPU
		{47F463DC-489D-4EF7-A397-8BBB9D262724}.Release|Any CPU.Build.0 = Release|Any CPU
		{47F463DC-489D-4EF7-A397-8BBB9D262724}.Release|x64.ActiveCfg = Release|Any CPU
		{47F463DC-489D-4EF7-A397-8BBB9D262724}.Release|x64.Build.0 = Release|Any CPU
		{47F463DC-489D-4EF7-A397-8BBB9D262724}.Release|x86.ActiveCfg = Release|Any CPU
		{47F463DC-489D-4EF7-A397-8BBB9D262724}.Release|x86.Build.0 = Release|Any CPU
		{FB0D2D61-D055-40AD-8471-D12ADFDE816F}.Debug|Any CPU.ActiveCfg = Debug|Any CPU
		{FB0D2D61-D055-40AD-8471-D12ADFDE816F}.Debug|Any CPU.Build.0 = Debug|Any CPU
		{FB0D2D61-D055-40AD-8471-D12ADFDE816F}.Debug|Any CPU.Deploy.0 = Debug|Any CPU
		{FB0D2D61-D055-40AD-8471-D12ADFDE816F}.Debug|x64.ActiveCfg = Debug|Any CPU
		{FB0D2D61-D055-40AD-8471-D12ADFDE816F}.Debug|x64.Build.0 = Debug|Any CPU
		{FB0D2D61-D055-40AD-8471-D12ADFDE816F}.Debug|x64.Deploy.0 = Debug|Any CPU
		{FB0D2D61-D055-40AD-8471-D12ADFDE816F}.Debug|x86.ActiveCfg = Debug|Any CPU
		{FB0D2D61-D055-40AD-8471-D12ADFDE816F}.Debug|x86.Build.0 = Debug|Any CPU
		{FB0D2D61-D055-40AD-8471-D12ADFDE816F}.Debug|x86.Deploy.0 = Debug|Any CPU
		{FB0D2D61-D055-40AD-8471-D12ADFDE816F}.Release|Any CPU.ActiveCfg = Release|Any CPU
		{FB0D2D61-D055-40AD-8471-D12ADFDE816F}.Release|Any CPU.Build.0 = Release|Any CPU
		{FB0D2D61-D055-40AD-8471-D12ADFDE816F}.Release|Any CPU.Deploy.0 = Release|Any CPU
		{FB0D2D61-D055-40AD-8471-D12ADFDE816F}.Release|x64.ActiveCfg = Release|Any CPU
		{FB0D2D61-D055-40AD-8471-D12ADFDE816F}.Release|x64.Build.0 = Release|Any CPU
		{FB0D2D61-D055-40AD-8471-D12ADFDE816F}.Release|x64.Deploy.0 = Release|Any CPU
		{FB0D2D61-D055-40AD-8471-D12ADFDE816F}.Release|x86.ActiveCfg = Release|Any CPU
		{FB0D2D61-D055-40AD-8471-D12ADFDE816F}.Release|x86.Build.0 = Release|Any CPU
		{FB0D2D61-D055-40AD-8471-D12ADFDE816F}.Release|x86.Deploy.0 = Release|Any CPU
	EndGlobalSection
	GlobalSection(SolutionProperties) = preSolution
		HideSolutionNode = FALSE
	EndGlobalSection
EndGlobal
